
Microsoft Visual Studio Solution File, Format Version 12.00
# Visual Studio Version 17
VisualStudioVersion = 17.0.31903.59
MinimumVisualStudioVersion = 10.0.40219.1
Project("{FAE04EC0-301F-11D3-BF4B-00C04F79EFBC}") = "mickey", "mickey\mickey.csproj", "{91A71125-9DF7-4FD8-92D2-2CB36F500362}"
EndProject
Project("{FAE04EC0-301F-11D3-BF4B-00C04F79EFBC}") = "goofy", "goofy\goofy.csproj", "{78A7CBA4-0EE7-4BBF-82D9-225D45BCCE18}"
EndProject
Global
	GlobalSection(SolutionConfigurationPlatforms) = preSolution
		Debug|Any CPU = Debug|Any CPU
		Release|Any CPU = Release|Any CPU
	EndGlobalSection
	GlobalSection(SolutionProperties) = preSolution
		HideSolutionNode = FALSE
	EndGlobalSection
	GlobalSection(ProjectConfigurationPlatforms) = postSolution
		{91A71125-9DF7-4FD8-92D2-2CB36F500362}.Debug|Any CPU.ActiveCfg = Debug|Any CPU
		{91A71125-9DF7-4FD8-92D2-2CB36F500362}.Debug|Any CPU.Build.0 = Debug|Any CPU
		{91A71125-9DF7-4FD8-92D2-2CB36F500362}.Release|Any CPU.ActiveCfg = Release|Any CPU
		{91A71125-9DF7-4FD8-92D2-2CB36F500362}.Release|Any CPU.Build.0 = Release|Any CPU
		{78A7CBA4-0EE7-4BBF-82D9-225D45BCCE18}.Debug|Any CPU.ActiveCfg = Debug|Any CPU
		{78A7CBA4-0EE7-4BBF-82D9-225D45BCCE18}.Debug|Any CPU.Build.0 = Debug|Any CPU
		{78A7CBA4-0EE7-4BBF-82D9-225D45BCCE18}.Release|Any CPU.ActiveCfg = Release|Any CPU
		{78A7CBA4-0EE7-4BBF-82D9-225D45BCCE18}.Release|Any CPU.Build.0 = Release|Any CPU
	EndGlobalSection
EndGlobal
